schema: '2.0'
stages:
  extract:
    cmd: mkdir -p data/interim/nuimages-mini && tar xzf 
      data/raw/nuimages-v1.0-mini.tgz -C data/interim/nuimages-mini v1.0-mini 
      samples
    deps:
    - path: data/raw/nuimages-v1.0-mini.tgz
      hash: md5
      md5: 2b4ff9756ec996d2b9d9d4e28197b2cf
      size: 117873411
    outs:
    - path: data/interim/nuimages-mini
      hash: md5
      md5: e86ef3ec185adac784943ff441a0c0c8.dir
      size: 10259688
      nfiles: 60
  convert:
    cmd: python3 -m rail_edge_mlops.data.convert --meta-dir 
      data/interim/nuimages-mini/v1.0-mini --out 
      data/processed/nuimages_coco.json --sidecar data/processed/provenance.json
    deps:
    - path: data/interim/nuimages-mini
      hash: md5
      md5: e86ef3ec185adac784943ff441a0c0c8.dir
      size: 10259688
      nfiles: 60
    - path: src/rail_edge_mlops/data/categories.py
      hash: md5
      md5: 0b20b2e70f01d86e394a12496e616f9c
      size: 1629
    - path: src/rail_edge_mlops/data/convert.py
      hash: md5
      md5: 95ee85df2a08c6ed5dd033d8a4350b59
      size: 4958
    outs:
    - path: data/processed/nuimages_coco.json
      hash: md5
      md5: 4f07a17149b3fab1d7678eda8189ccc6
      size: 60255
    - path: data/processed/provenance.json
      hash: md5
      md5: 2270f29d674112c58999010d7048e872
      size: 12192
  split:
    cmd: python3 -m rail_edge_mlops.data.split --coco 
      data/processed/nuimages_coco.json --provenance 
      data/processed/provenance.json --params params.yaml --out-dir 
      data/processed/splits
    deps:
    - path: data/processed/nuimages_coco.json
      hash: md5
      md5: 4f07a17149b3fab1d7678eda8189ccc6
      size: 60255
    - path: data/processed/provenance.json
      hash: md5
      md5: 2270f29d674112c58999010d7048e872
      size: 12192
    - path: src/rail_edge_mlops/data/split.py
      hash: md5
      md5: d7652b7139c0b43329436140798aef12
      size: 4601
    params:
      params.yaml:
        split:
          test_location: boston-seaport
          val_fraction: 0.2
          seed: 42
    outs:
    - path: data/processed/splits
      hash: md5
      md5: 1502d2199bc12e3698c34e89ba14261c.dir
      size: 64740
      nfiles: 4
